
Microsoft Visual Studio Solution File, Format Version 12.00
# Visual Studio Version 16
VisualStudioVersion = 16.0.29009.5
MinimumVisualStudioVersion = 10.0.40219.1
Project("{00D1A9C2-B5F0-4AF3-8072-F6C62B433612}") = "SQLServerDB", "SQLServerDB\SQLServerDB.sqlproj", "{7077A1DD-AA2B-4B5D-BA4F-98BEAB6B55B4}"
EndProject
Global
	GlobalSection(SolutionConfigurationPlatforms) = preSolution
		Debug|Any CPU = Debug|Any CPU
		Release|Any CPU = Release|Any CPU
	EndGlobalSection
	GlobalSection(ProjectConfigurationPlatforms) = postSolution
		{7077A1DD-AA2B-4B5D-BA4F-98BEAB6B55B4}.Debug|Any CPU.ActiveCfg = Debug|Any CPU
		{7077A1DD-AA2B-4B5D-BA4F-98BEAB6B55B4}.Debug|Any CPU.Build.0 = Debug|Any CPU
		{7077A1DD-AA2B-4B5D-BA4F-98BEAB6B55B4}.Debug|Any CPU.Deploy.0 = Debug|Any CPU
		{7077A1DD-AA2B-4B5D-BA4F-98BEAB6B55B4}.Release|Any CPU.ActiveCfg = Release|Any CPU
		{7077A1DD-AA2B-4B5D-BA4F-98BEAB6B55B4}.Release|Any CPU.Build.0 = Release|Any CPU
		{7077A1DD-AA2B-4B5D-BA4F-98BEAB6B55B4}.Release|Any CPU.Deploy.0 = Release|Any CPU
	EndGlobalSection
	GlobalSection(SolutionProperties) = preSolution
		HideSolutionNode = FALSE
	EndGlobalSection
	GlobalSection(ExtensibilityGlobals) = postSolution
		SolutionGuid = {111C5357-D77F-4BD8-B160-42A045206413}
	EndGlobalSection
EndGlobal
